
Microsoft Visual Studio Solution File, Format Version 12.00
# Visual Studio Version 17
VisualStudioVersion = 17.7.34009.444
MinimumVisualStudioVersion = 10.0.40219.1
Project("{FAE04EC0-301F-11D3-BF4B-00C04F79EFBC}") = "Praktick_Krylov", "Praktick_Krylov.csproj", "{DA4A1E83-7652-4029-964F-E8941D9D4F0C}"
EndProject
Global
	GlobalSection(SolutionConfigurationPlatforms) = preSolution
		Debug|Any CPU = Debug|Any CPU
		Release|Any CPU = Release|Any CPU
	EndGlobalSection
	GlobalSection(ProjectConfigurationPlatforms) = postSolution
		{DA4A1E83-7652-4029-964F-E8941D9D4F0C}.Debug|Any CPU.ActiveCfg = Debug|Any CPU
		{DA4A1E83-7652-4029-964F-E8941D9D4F0C}.Debug|Any CPU.Build.0 = Debug|Any CPU
		{DA4A1E83-7652-4029-964F-E8941D9D4F0C}.Release|Any CPU.ActiveCfg = Release|Any CPU
		{DA4A1E83-7652-4029-964F-E8941D9D4F0C}.Release|Any CPU.Build.0 = Release|Any CPU
	EndGlobalSection
	GlobalSection(SolutionProperties) = preSolution
		HideSolutionNode = FALSE
	EndGlobalSection
	GlobalSection(ExtensibilityGlobals) = postSolution
		SolutionGuid = {E916BDF1-D90C-45B2-8B6F-8D6CAB7C0288}
	EndGlobalSection
EndGlobal
